// !$*UTF8*$!
{
	archiveVersion = 1;
	classes = {
	};
	objectVersion = 48;
	objects = {

/* Begin PBXBuildFile section */
		962BB19CC45C81698CD7BE2F /* libPods-SwallowUITests.a in Frameworks */ = {isa = PBXBuildFile; fileRef = 7C16F8F2DC88C0C147370508 /* libPods-SwallowUITests.a */; };
		99DD40631F97749B00BF595B /* Main.storyboard in Resources */ = {isa = PBXBuildFile; fileRef = 99DD40611F97749B00BF595B /* Main.storyboard */; };
		99DD40651F97749B00BF595B /* Assets.xcassets in Resources */ = {isa = PBXBuildFile; fileRef = 99DD40641F97749B00BF595B /* Assets.xcassets */; };
		99DD40681F97749B00BF595B /* LaunchScreen.storyboard in Resources */ = {isa = PBXBuildFile; fileRef = 99DD40661F97749B00BF595B /* LaunchScreen.storyboard */; };
		99DD406B1F97749B00BF595B /* main.m in Sources */ = {isa = PBXBuildFile; fileRef = 99DD406A1F97749B00BF595B /* main.m */; };
		99DD40751F97749B00BF595B /* SwallowTests.m in Sources */ = {isa = PBXBuildFile; fileRef = 99DD40741F97749B00BF595B /* SwallowTests.m */; };
		99DD40801F97749B00BF595B /* SwallowUITests.m in Sources */ = {isa = PBXBuildFile; fileRef = 99DD407F1F97749B00BF595B /* SwallowUITests.m */; };
		99DD40971F97771800BF595B /* SWAppDelegate.m in Sources */ = {isa = PBXBuildFile; fileRef = 99DD40911F97771700BF595B /* SWAppDelegate.m */; };
		99DD40981F97771800BF595B /* SWHomeViewController.m in Sources */ = {isa = PBXBuildFile; fileRef = 99DD40941F97771800BF595B /* SWHomeViewController.m */; };
		99DD40991F97771800BF595B /* SWCircleButton.m in Sources */ = {isa = PBXBuildFile; fileRef = 99DD40951F97771800BF595B /* SWCircleButton.m */; };
		99DD409D1F9782A600BF595B /* SWAudioPlayer.m in Sources */ = {isa = PBXBuildFile; fileRef = 99DD409C1F9782A600BF595B /* SWAudioPlayer.m */; };
		99DD40A41F98875200BF595B /* SWFileManager.m in Sources */ = {isa = PBXBuildFile; fileRef = 99DD40A31F98875200BF595B /* SWFileManager.m */; };
		99DD40AD1F98C74400BF595B /* SWDashboard.m in Sources */ = {isa = PBXBuildFile; fileRef = 99DD40AC1F98C74400BF595B /* SWDashboard.m */; };
		9D6E6B772D32FD067946D86B /* libPods-SwallowTests.a in Frameworks */ = {isa = PBXBuildFile; fileRef = BCEAC9A0B51DA6661F629907 /* libPods-SwallowTests.a */; };
		D2C1277EDDA82A956BE9548E /* libPods-Swallow.a in Frameworks */ = {isa = PBXBuildFile; fileRef = 0AEA294AE5AB0FAC9BF59805 /* libPods-Swallow.a */; };
/* End PBXBuildFile section */

/* Begin PBXContainerItemProxy section */
		99DD40711F97749B00BF595B /* PBXContainerItemProxy */ = {
			isa = PBXContainerItemProxy;
			containerPortal = 99DD40501F97749B00BF595B /* Project object */;
			proxyType = 1;
			remoteGlobalIDString = 99DD40571F97749B00BF595B;
			remoteInfo = Swallow;
		};
		99DD407C1F97749B00BF595B /* PBXContainerItemProxy */ = {
			isa = PBXContainerItemProxy;
			containerPortal = 99DD40501F97749B00BF595B /* Project object */;
			proxyType = 1;
			remoteGlobalIDString = 99DD40571F97749B00BF595B;
			remoteInfo = Swallow;
		};
/* End PBXContainerItemProxy section */

/* Begin PBXFileReference section */
		0AEA294AE5AB0FAC9BF59805 /* libPods-Swallow.a */ = {isa = PBXFileReference; explicitFileType = archive.ar; includeInIndex = 0; path = "libPods-Swallow.a"; sourceTree = BUILT_PRODUCTS_DIR; };
		38EAA3A2042D39A3B05D3217 /* Pods-SwallowUITests.release.xcconfig */ = {isa = PBXFileReference; includeInIndex = 1; lastKnownFileType = text.xcconfig; name = "Pods-SwallowUITests.release.xcconfig"; path = "Pods/Target Support Files/Pods-SwallowUITests/Pods-SwallowUITests.release.xcconfig"; sourceTree = "<group>"; };
		556EA3ED8C5087F2D46EDC4E /* Pods-SwallowTests.debug.xcconfig */ = {isa = PBXFileReference; includeInIndex = 1; lastKnownFileType = text.xcconfig; name = "Pods-SwallowTests.debug.xcconfig"; path = "Pods/Target Support Files/Pods-SwallowTests/Pods-SwallowTests.debug.xcconfig"; sourceTree = "<group>"; };
		5705F0B65E9C58DE473C9BD0 /* Pods-SwallowTests.release.xcconfig */ = {isa = PBXFileReference; includeInIndex = 1; lastKnownFileType = text.xcconfig; name = "Pods-SwallowTests.release.xcconfig"; path = "Pods/Target Support Files/Pods-SwallowTests/Pods-SwallowTests.release.xcconfig"; sourceTree = "<group>"; };
		7C16F8F2DC88C0C147370508 /* libPods-SwallowUITests.a */ = {isa = PBXFileReference; explicitFileType = archive.ar; includeInIndex = 0; path = "libPods-SwallowUITests.a"; sourceTree = BUILT_PRODUCTS_DIR; };
		85361ACCDBAF7D5F453B0864 /* Pods-Swallow.release.xcconfig */ = {isa = PBXFileReference; includeInIndex = 1; lastKnownFileType = text.xcconfig; name = "Pods-Swallow.release.xcconfig"; path = "Pods/Target Support Files/Pods-Swallow/Pods-Swallow.release.xcconfig"; sourceTree = "<group>"; };
		8904D52B2CF04E093C74EA08 /* Pods-Swallow.debug.xcconfig */ = {isa = PBXFileReference; includeInIndex = 1; lastKnownFileType = text.xcconfig; name = "Pods-Swallow.debug.xcconfig"; path = "Pods/Target Support Files/Pods-Swallow/Pods-Swallow.debug.xcconfig"; sourceTree = "<group>"; };
		99DD40581F97749B00BF595B /* Swallow.app */ = {isa = PBXFileReference; explicitFileType = wrapper.application; includeInIndex = 0; path = Swallow.app; sourceTree = BUILT_PRODUCTS_DIR; };
		99DD40621F97749B00BF595B /* Base */ = {isa = PBXFileReference; lastKnownFileType = file.storyboard; name = Base; path = Base.lproj/Main.storyboard; sourceTree = "<group>"; };
		99DD40641F97749B00BF595B /* Assets.xcassets */ = {isa = PBXFileReference; lastKnownFileType = folder.assetcatalog; path = Assets.xcassets; sourceTree = "<group>"; };
		99DD40671F97749B00BF595B /* Base */ = {isa = PBXFileReference; lastKnownFileType = file.storyboard; name = Base; path = Base.lproj/LaunchScreen.storyboard; sourceTree = "<group>"; };
		99DD40691F97749B00BF595B /* Info.plist */ = {isa = PBXFileReference; lastKnownFileType = text.plist.xml; path = Info.plist; sourceTree = "<group>"; };
		99DD406A1F97749B00BF595B /* main.m */ = {isa = PBXFileReference; lastKnownFileType = sourcecode.c.objc; path = main.m; sourceTree = "<group>"; };
		99DD40701F97749B00BF595B /* SwallowTests.xctest */ = {isa = PBXFileReference; explicitFileType = wrapper.cfbundle; includeInIndex = 0; path = SwallowTests.xctest; sourceTree = BUILT_PRODUCTS_DIR; };
		99DD40741F97749B00BF595B /* SwallowTests.m */ = {isa = PBXFileReference; lastKnownFileType = sourcecode.c.objc; path = SwallowTests.m; sourceTree = "<group>"; };
		99DD40761F97749B00BF595B /* Info.plist */ = {isa = PBXFileReference; lastKnownFileType = text.plist.xml; path = Info.plist; sourceTree = "<group>"; };
		99DD407B1F97749B00BF595B /* SwallowUITests.xctest */ = {isa = PBXFileReference; explicitFileType = wrapper.cfbundle; includeInIndex = 0; path = SwallowUITests.xctest; sourceTree = BUILT_PRODUCTS_DIR; };
		99DD407F1F97749B00BF595B /* SwallowUITests.m */ = {isa = PBXFileReference; lastKnownFileType = sourcecode.c.objc; path = SwallowUITests.m; sourceTree = "<group>"; };
		99DD40811F97749B00BF595B /* Info.plist */ = {isa = PBXFileReference; lastKnownFileType = text.plist.xml; path = Info.plist; sourceTree = "<group>"; };
		99DD40911F97771700BF595B /* SWAppDelegate.m */ = {isa = PBXFileReference; fileEncoding = 4; lastKnownFileType = sourcecode.c.objc; path = SWAppDelegate.m; sourceTree = "<group>"; };
		99DD40921F97771700BF595B /* SWCircleButton.h */ = {isa = PBXFileReference; fileEncoding = 4; lastKnownFileType = sourcecode.c.h; path = SWCircleButton.h; sourceTree = "<group>"; };
		99DD40931F97771700BF595B /* SWAppDelegate.h */ = {isa = PBXFileReference; fileEncoding = 4; lastKnownFileType = sourcecode.c.h; path = SWAppDelegate.h; sourceTree = "<group>"; };
		99DD40941F97771800BF595B /* SWHomeViewController.m */ = {isa = PBXFileReference; fileEncoding = 4; lastKnownFileType = sourcecode.c.objc; path = SWHomeViewController.m; sourceTree = "<group>"; };
		99DD40951F97771800BF595B /* SWCircleButton.m */ = {isa = PBXFileReference; fileEncoding = 4; lastKnownFileType = sourcecode.c.objc; path = SWCircleButton.m; sourceTree = "<group>"; };
		99DD40961F97771800BF595B /* SWHomeViewController.h */ = {isa = PBXFileReference; fileEncoding = 4; lastKnownFileType = sourcecode.c.h; path = SWHomeViewController.h; sourceTree = "<group>"; };
		99DD409A1F977AB200BF595B /* Swallow-Prefix.pch */ = {isa = PBXFileReference; lastKnownFileType = sourcecode.c.h; path = "Swallow-Prefix.pch"; sourceTree = "<group>"; };
		99DD409B1F9782A600BF595B /* SWAudioPlayer.h */ = {isa = PBXFileReference; lastKnownFileType = sourcecode.c.h; path = SWAudioPlayer.h; sourceTree = "<group>"; };
		99DD409C1F9782A600BF595B /* SWAudioPlayer.m */ = {isa = PBXFileReference; lastKnownFileType = sourcecode.c.objc; path = SWAudioPlayer.m; sourceTree = "<group>"; };
		99DD40A01F97888A00BF595B /* AVFoundation.framework */ = {isa = PBXFileReference; lastKnownFileType = wrapper.framework; name = AVFoundation.framework; path = System/Library/Frameworks/AVFoundation.framework; sourceTree = SDKROOT; };
		99DD40A21F98875200BF595B /* SWFileManager.h */ = {isa = PBXFileReference; lastKnownFileType = sourcecode.c.h; path = SWFileManager.h; sourceTree = "<group>"; };
		99DD40A31F98875200BF595B /* SWFileManager.m */ = {isa = PBXFileReference; lastKnownFileType = sourcecode.c.objc; path = SWFileManager.m; sourceTree = "<group>"; };
		99DD40AA1F9888C600BF595B /* Swallow.entitlements */ = {isa = PBXFileReference; lastKnownFileType = text.plist.entitlements; path = Swallow.entitlements; sourceTree = "<group>"; };
		99DD40AB1F98C74400BF595B /* SWDashboard.h */ = {isa = PBXFileReference; lastKnownFileType = sourcecode.c.h; path = SWDashboard.h; sourceTree = "<group>"; };
		99DD40AC1F98C74400BF595B /* SWDashboard.m */ = {isa = PBXFileReference; lastKnownFileType = sourcecode.c.objc; path = SWDashboard.m; sourceTree = "<group>"; };
		A43D1CB14DA6BDF598664ED0 /* Pods-SwallowUITests.debug.xcconfig */ = {isa = PBXFileReference; includeInIndex = 1; lastKnownFileType = text.xcconfig; name = "Pods-SwallowUITests.debug.xcconfig"; path = "Pods/Target Support Files/Pods-SwallowUITests/Pods-SwallowUITests.debug.xcconfig"; sourceTree = "<group>"; };
		BCEAC9A0B51DA6661F629907 /* libPods-SwallowTests.a */ = {isa = PBXFileReference; explicitFileType = archive.ar; includeInIndex = 0; path = "libPods-SwallowTests.a"; sourceTree = BUILT_PRODUCTS_DIR; };
/* End PBXFileReference section */

/* Begin PBXFrameworksBuildPhase section */
		99DD40551F97749B00BF595B /* Frameworks */ = {
			isa = PBXFrameworksBuildPhase;
			buildActionMask = 2147483647;
			files = (
				D2C1277EDDA82A956BE9548E /* libPods-Swallow.a in Frameworks */,
			);
			runOnlyForDeploymentPostprocessing = 0;
		};
		99DD406D1F97749B00BF595B /* Frameworks */ = {
			isa = PBXFrameworksBuildPhase;
			buildActionMask = 2147483647;
			files = (
				9D6E6B772D32FD067946D86B /* libPods-SwallowTests.a in Frameworks */,
			);
			runOnlyForDeploymentPostprocessing = 0;
		};
		99DD40781F97749B00BF595B /* Frameworks */ = {
			isa = PBXFrameworksBuildPhase;
			buildActionMask = 2147483647;
			files = (
				962BB19CC45C81698CD7BE2F /* libPods-SwallowUITests.a in Frameworks */,
			);
			runOnlyForDeploymentPostprocessing = 0;
		};
/* End PBXFrameworksBuildPhase section */

/* Begin PBXGroup section */
		5100242793BD660A721B80BC /* Pods */ = {
			isa = PBXGroup;
			children = (
				8904D52B2CF04E093C74EA08 /* Pods-Swallow.debug.xcconfig */,
				85361ACCDBAF7D5F453B0864 /* Pods-Swallow.release.xcconfig */,
				556EA3ED8C5087F2D46EDC4E /* Pods-SwallowTests.debug.xcconfig */,
				5705F0B65E9C58DE473C9BD0 /* Pods-SwallowTests.release.xcconfig */,
				A43D1CB14DA6BDF598664ED0 /* Pods-SwallowUITests.debug.xcconfig */,
				38EAA3A2042D39A3B05D3217 /* Pods-SwallowUITests.release.xcconfig */,
			);
			name = Pods;
			sourceTree = "<group>";
		};
		99DD404F1F97749B00BF595B = {
			isa = PBXGroup;
			children = (
				99DD405A1F97749B00BF595B /* Swallow */,
				99DD40731F97749B00BF595B /* SwallowTests */,
				99DD407E1F97749B00BF595B /* SwallowUITests */,
				99DD40591F97749B00BF595B /* Products */,
				5100242793BD660A721B80BC /* Pods */,
				BB2AF4252AEB3544BB1333C8 /* Frameworks */,
			);
			sourceTree = "<group>";
		};
		99DD40591F97749B00BF595B /* Products */ = {
			isa = PBXGroup;
			children = (
				99DD40581F97749B00BF595B /* Swallow.app */,
				99DD40701F97749B00BF595B /* SwallowTests.xctest */,
				99DD407B1F97749B00BF595B /* SwallowUITests.xctest */,
			);
			name = Products;
			sourceTree = "<group>";
		};
		99DD405A1F97749B00BF595B /* Swallow */ = {
			isa = PBXGroup;
			children = (
				99DD40AA1F9888C600BF595B /* Swallow.entitlements */,
				99DD40901F97770200BF595B /* src */,
				99DD40611F97749B00BF595B /* Main.storyboard */,
				99DD40641F97749B00BF595B /* Assets.xcassets */,
				99DD40661F97749B00BF595B /* LaunchScreen.storyboard */,
				99DD40691F97749B00BF595B /* Info.plist */,
				99DD406A1F97749B00BF595B /* main.m */,
				99DD409A1F977AB200BF595B /* Swallow-Prefix.pch */,
			);
			path = Swallow;
			sourceTree = "<group>";
		};
		99DD40731F97749B00BF595B /* SwallowTests */ = {
			isa = PBXGroup;
			children = (
				99DD40741F97749B00BF595B /* SwallowTests.m */,
				99DD40761F97749B00BF595B /* Info.plist */,
			);
			path = SwallowTests;
			sourceTree = "<group>";
		};
		99DD407E1F97749B00BF595B /* SwallowUITests */ = {
			isa = PBXGroup;
			children = (
				99DD407F1F97749B00BF595B /* SwallowUITests.m */,
				99DD40811F97749B00BF595B /* Info.plist */,
			);
			path = SwallowUITests;
			sourceTree = "<group>";
		};
		99DD40901F97770200BF595B /* src */ = {
			isa = PBXGroup;
			children = (
				99DD40931F97771700BF595B /* SWAppDelegate.h */,
				99DD40911F97771700BF595B /* SWAppDelegate.m */,
				99DD40921F97771700BF595B /* SWCircleButton.h */,
				99DD40951F97771800BF595B /* SWCircleButton.m */,
				99DD40961F97771800BF595B /* SWHomeViewController.h */,
				99DD40941F97771800BF595B /* SWHomeViewController.m */,
				99DD40AB1F98C74400BF595B /* SWDashboard.h */,
				99DD40AC1F98C74400BF595B /* SWDashboard.m */,
				99DD409B1F9782A600BF595B /* SWAudioPlayer.h */,
				99DD409C1F9782A600BF595B /* SWAudioPlayer.m */,
				99DD40A21F98875200BF595B /* SWFileManager.h */,
				99DD40A31F98875200BF595B /* SWFileManager.m */,
			);
			path = src;
			sourceTree = "<group>";
		};
		BB2AF4252AEB3544BB1333C8 /* Frameworks */ = {
			isa = PBXGroup;
			children = (
				99DD40A01F97888A00BF595B /* AVFoundation.framework */,
				0AEA294AE5AB0FAC9BF59805 /* libPods-Swallow.a */,
				BCEAC9A0B51DA6661F629907 /* libPods-SwallowTests.a */,
				7C16F8F2DC88C0C147370508 /* libPods-SwallowUITests.a */,
			);
			name = Frameworks;
			sourceTree = "<group>";
		};
/* End PBXGroup section */

/* Begin PBXNativeTarget section */
		99DD40571F97749B00BF595B /* Swallow */ = {
			isa = PBXNativeTarget;
			buildConfigurationList = 99DD40841F97749B00BF595B /* Build configuration list for PBXNativeTarget "Swallow" */;
			buildPhases = (
				49B9A1DD22CA7A0938276397 /* [CP] Check Pods Manifest.lock */,
				99DD40541F97749B00BF595B /* Sources */,
				99DD40551F97749B00BF595B /* Frameworks */,
				99DD40561F97749B00BF595B /* Resources */,
				7CDD71587D2C9B88644CEC53 /* [CP] Embed Pods Frameworks */,
				C6E759A58F3F3774A6CB2B2C /* [CP] Copy Pods Resources */,
			);
			buildRules = (
			);
			dependencies = (
			);
			name = Swallow;
			productName = Swallow;
			productReference = 99DD40581F97749B00BF595B /* Swallow.app */;
			productType = "com.apple.product-type.application";
		};
		99DD406F1F97749B00BF595B /* SwallowTests */ = {
			isa = PBXNativeTarget;
			buildConfigurationList = 99DD40871F97749B00BF595B /* Build configuration list for PBXNativeTarget "SwallowTests" */;
			buildPhases = (
				61F06DB9874C8167D64FA524 /* [CP] Check Pods Manifest.lock */,
				99DD406C1F97749B00BF595B /* Sources */,
				99DD406D1F97749B00BF595B /* Frameworks */,
				99DD406E1F97749B00BF595B /* Resources */,
				37F03B16BD235FFB7FE5CFBE /* [CP] Embed Pods Frameworks */,
				7403C44A82B49E39355DB664 /* [CP] Copy Pods Resources */,
			);
			buildRules = (
			);
			dependencies = (
				99DD40721F97749B00BF595B /* PBXTargetDependency */,
			);
			name = SwallowTests;
			productName = SwallowTests;
			productReference = 99DD40701F97749B00BF595B /* SwallowTests.xctest */;
			productType = "com.apple.product-type.bundle.unit-test";
		};
		99DD407A1F97749B00BF595B /* SwallowUITests */ = {
			isa = PBXNativeTarget;
			buildConfigurationList = 99DD408A1F97749B00BF595B /* Build configuration list for PBXNativeTarget "SwallowUITests" */;
			buildPhases = (
				1759582DF5502CA972D4F6B9 /* [CP] Check Pods Manifest.lock */,
				99DD40771F97749B00BF595B /* Sources */,
				99DD40781F97749B00BF595B /* Frameworks */,
				99DD40791F97749B00BF595B /* Resources */,
				3DA46A2B16C4BC572B4E23A1 /* [CP] Embed Pods Frameworks */,
				04869B1CD461699ED54BC96A /* [CP] Copy Pods Resources */,
			);
			buildRules = (
			);
			dependencies = (
				99DD407D1F97749B00BF595B /* PBXTargetDependency */,
			);
			name = SwallowUITests;
			productName = SwallowUITests;
			productReference = 99DD407B1F97749B00BF595B /* SwallowUITests.xctest */;
			productType = "com.apple.product-type.bundle.ui-testing";
		};
/* End PBXNativeTarget section */

/* Begin PBXProject section */
		99DD40501F97749B00BF595B /* Project object */ = {
			isa = PBXProject;
			attributes = {
				LastUpgradeCheck = 0900;
				ORGANIZATIONNAME = lawn;
				TargetAttributes = {
					99DD40571F97749B00BF595B = {
						CreatedOnToolsVersion = 9.0;
						ProvisioningStyle = Automatic;
						SystemCapabilities = {
							com.apple.BackgroundModes = {
								enabled = 1;
							};
							com.apple.WAC = {
								enabled = 0;
							};
						};
					};
					99DD406F1F97749B00BF595B = {
						CreatedOnToolsVersion = 9.0;
						ProvisioningStyle = Automatic;
						TestTargetID = 99DD40571F97749B00BF595B;
					};
					99DD407A1F97749B00BF595B = {
						CreatedOnToolsVersion = 9.0;
						ProvisioningStyle = Automatic;
						TestTargetID = 99DD40571F97749B00BF595B;
					};
				};
			};
			buildConfigurationList = 99DD40531F97749B00BF595B /* Build configuration list for PBXProject "Swallow" */;
			compatibilityVersion = "Xcode 8.0";
			developmentRegion = en;
			hasScannedForEncodings = 0;
			knownRegions = (
				en,
				Base,
			);
			mainGroup = 99DD404F1F97749B00BF595B;
			productRefGroup = 99DD40591F97749B00BF595B /* Products */;
			projectDirPath = "";
			projectRoot = "";
			targets = (
				99DD40571F97749B00BF595B /* Swallow */,
				99DD406F1F97749B00BF595B /* SwallowTests */,
				99DD407A1F97749B00BF595B /* SwallowUITests */,
			);
		};
/* End PBXProject section */

/* Begin PBXResourcesBuildPhase section */
		99DD40561F97749B00BF595B /* Resources */ = {
			isa = PBXResourcesBuildPhase;
			buildActionMask = 2147483647;
			files = (
				99DD40681F97749B00BF595B /* LaunchScreen.storyboard in Resources */,
				99DD40651F97749B00BF595B /* Assets.xcassets in Resources */,
				99DD40631F97749B00BF595B /* Main.storyboard in Resources */,
			);
			runOnlyForDeploymentPostprocessing = 0;
		};
		99DD406E1F97749B00BF595B /* Resources */ = {
			isa = PBXResourcesBuildPhase;
			buildActionMask = 2147483647;
			files = (
			);
			runOnlyForDeploymentPostprocessing = 0;
		};
		99DD40791F97749B00BF595B /* Resources */ = {
			isa = PBXResourcesBuildPhase;
			buildActionMask = 2147483647;
			files = (
			);
			runOnlyForDeploymentPostprocessing = 0;
		};
/* End PBXResourcesBuildPhase section */

/* Begin PBXShellScriptBuildPhase section */
		04869B1CD461699ED54BC96A /* [CP] Copy Pods Resources */ = {
			isa = PBXShellScriptBuildPhase;
			buildActionMask = 2147483647;
			files = (
			);
			inputPaths = (
			);
			name = "[CP] Copy Pods Resources";
			outputPaths = (
			);
			runOnlyForDeploymentPostprocessing = 0;
			shellPath = /bin/sh;
			shellScript = "\"${SRCROOT}/Pods/Target Support Files/Pods-SwallowUITests/Pods-SwallowUITests-resources.sh\"\n";
			showEnvVarsInLog = 0;
		};
		1759582DF5502CA972D4F6B9 /* [CP] Check Pods Manifest.lock */ = {
			isa = PBXShellScriptBuildPhase;
			buildActionMask = 2147483647;
			files = (
			);
			inputPaths = (
			);
			name = "[CP] Check Pods Manifest.lock";
			outputPaths = (
			);
			runOnlyForDeploymentPostprocessing = 0;
			shellPath = /bin/sh;
			shellScript = "diff \"${PODS_PODFILE_DIR_PATH}/Podfile.lock\" \"${PODS_ROOT}/Manifest.lock\" > /dev/null\nif [ $? != 0 ] ; then\n    # print error to STDERR\n    echo \"error: The sandbox is not in sync with the Podfile.lock. Run 'pod install' or update your CocoaPods installation.\" >&2\n    exit 1\nfi\n";
			showEnvVarsInLog = 0;
		};
		37F03B16BD235FFB7FE5CFBE /* [CP] Embed Pods Frameworks */ = {
			isa = PBXShellScriptBuildPhase;
			buildActionMask = 2147483647;
			files = (
			);
			inputPaths = (
			);
			name = "[CP] Embed Pods Frameworks";
			outputPaths = (
			);
			runOnlyForDeploymentPostprocessing = 0;
			shellPath = /bin/sh;
			shellScript = "\"${SRCROOT}/Pods/Target Support Files/Pods-SwallowTests/Pods-SwallowTests-frameworks.sh\"\n";
			showEnvVarsInLog = 0;
		};
		3DA46A2B16C4BC572B4E23A1 /* [CP] Embed Pods Frameworks */ = {
			isa = PBXShellScriptBuildPhase;
			buildActionMask = 2147483647;
			files = (
			);
			inputPaths = (
			);
			name = "[CP] Embed Pods Frameworks";
			outputPaths = (
			);
			runOnlyForDeploymentPostprocessing = 0;
			shellPath = /bin/sh;
			shellScript = "\"${SRCROOT}/Pods/Target Support Files/Pods-SwallowUITests/Pods-SwallowUITests-frameworks.sh\"\n";
			showEnvVarsInLog = 0;
		};
		49B9A1DD22CA7A0938276397 /* [CP] Check Pods Manifest.lock */ = {
			isa = PBXShellScriptBuildPhase;
			buildActionMask = 2147483647;
			files = (
			);
			inputPaths = (
			);
			name = "[CP] Check Pods Manifest.lock";
			outputPaths = (
			);
			runOnlyForDeploymentPostprocessing = 0;
			shellPath = /bin/sh;
			shellScript = "diff \"${PODS_PODFILE_DIR_PATH}/Podfile.lock\" \"${PODS_ROOT}/Manifest.lock\" > /dev/null\nif [ $? != 0 ] ; then\n    # print error to STDERR\n    echo \"error: The sandbox is not in sync with the Podfile.lock. Run 'pod install' or update your CocoaPods installation.\" >&2\n    exit 1\nfi\n";
			showEnvVarsInLog = 0;
		};
		61F06DB9874C8167D64FA524 /* [CP] Check Pods Manifest.lock */ = {
			isa = PBXShellScriptBuildPhase;
			buildActionMask = 2147483647;
			files = (
			);
			inputPaths = (
			);
			name = "[CP] Check Pods Manifest.lock";
			outputPaths = (
			);
			runOnlyForDeploymentPostprocessing = 0;
			shellPath = /bin/sh;
			shellScript = "diff \"${PODS_PODFILE_DIR_PATH}/Podfile.lock\" \"${PODS_ROOT}/Manifest.lock\" > /dev/null\nif [ $? != 0 ] ; then\n    # print error to STDERR\n    echo \"error: The sandbox is not in sync with the Podfile.lock. Run 'pod install' or update your CocoaPods installation.\" >&2\n    exit 1\nfi\n";
			showEnvVarsInLog = 0;
		};
		7403C44A82B49E39355DB664 /* [CP] Copy Pods Resources */ = {
			isa = PBXShellScriptBuildPhase;
			buildActionMask = 2147483647;
			files = (
			);
			inputPaths = (
			);
			name = "[CP] Copy Pods Resources";
			outputPaths = (
			);
			runOnlyForDeploymentPostprocessing = 0;
			shellPath = /bin/sh;
			shellScript = "\"${SRCROOT}/Pods/Target Support Files/Pods-SwallowTests/Pods-SwallowTests-resources.sh\"\n";
			showEnvVarsInLog = 0;
		};
		7CDD71587D2C9B88644CEC53 /* [CP] Embed Pods Frameworks */ = {
			isa = PBXShellScriptBuildPhase;
			buildActionMask = 2147483647;
			files = (
			);
			inputPaths = (
			);
			name = "[CP] Embed Pods Frameworks";
			outputPaths = (
			);
			runOnlyForDeploymentPostprocessing = 0;
			shellPath = /bin/sh;
			shellScript = "\"${SRCROOT}/Pods/Target Support Files/Pods-Swallow/Pods-Swallow-frameworks.sh\"\n";
			showEnvVarsInLog = 0;
		};
		C6E759A58F3F3774A6CB2B2C /* [CP] Copy Pods Resources */ = {
			isa = PBXShellScriptBuildPhase;
			buildActionMask = 2147483647;
			files = (
			);
			inputPaths = (
			);
			name = "[CP] Copy Pods Resources";
			outputPaths = (
			);
			runOnlyForDeploymentPostprocessing = 0;
			shellPath = /bin/sh;
			shellScript = "\"${SRCROOT}/Pods/Target Support Files/Pods-Swallow/Pods-Swallow-resources.sh\"\n";
			showEnvVarsInLog = 0;
		};
/* End PBXShellScriptBuildPhase section */

/* Begin PBXSourcesBuildPhase section */
		99DD40541F97749B00BF595B /* Sources */ = {
			isa = PBXSourcesBuildPhase;
			buildActionMask = 2147483647;
			files = (
				99DD40971F97771800BF595B /* SWAppDelegate.m in Sources */,
				99DD406B1F97749B00BF595B /* main.m in Sources */,
				99DD40981F97771800BF595B /* SWHomeViewController.m in Sources */,
				99DD409D1F9782A600BF595B /* SWAudioPlayer.m in Sources */,
				99DD40991F97771800BF595B /* SWCircleButton.m in Sources */,
				99DD40A41F98875200BF595B /* SWFileManager.m in Sources */,
				99DD40AD1F98C74400BF595B /* SWDashboard.m in Sources */,
			);
			runOnlyForDeploymentPostprocessing = 0;
		};
		99DD406C1F97749B00BF595B /* Sources */ = {
			isa = PBXSourcesBuildPhase;
			buildActionMask = 2147483647;
			files = (
				99DD40751F97749B00BF595B /* SwallowTests.m in Sources */,
			);
			runOnlyForDeploymentPostprocessing = 0;
		};
		99DD40771F97749B00BF595B /* Sources */ = {
			isa = PBXSourcesBuildPhase;
			buildActionMask = 2147483647;
			files = (
				99DD40801F97749B00BF595B /* SwallowUITests.m in Sources */,
			);
			runOnlyForDeploymentPostprocessing = 0;
		};
/* End PBXSourcesBuildPhase section */

/* Begin PBXTargetDependency section */
		99DD40721F97749B00BF595B /* PBXTargetDependency */ = {
			isa = PBXTargetDependency;
			target = 99DD40571F97749B00BF595B /* Swallow */;
			targetProxy = 99DD40711F97749B00BF595B /* PBXContainerItemProxy */;
		};
		99DD407D1F97749B00BF595B /* PBXTargetDependency */ = {
			isa = PBXTargetDependency;
			target = 99DD40571F97749B00BF595B /* Swallow */;
			targetProxy = 99DD407C1F97749B00BF595B /* PBXContainerItemProxy */;
		};
/* End PBXTargetDependency section */

/* Begin PBXVariantGroup section */
		99DD40611F97749B00BF595B /* Main.storyboard */ = {
			isa = PBXVariantGroup;
			children = (
				99DD40621F97749B00BF595B /* Base */,
			);
			name = Main.storyboard;
			sourceTree = "<group>";
		};
		99DD40661F97749B00BF595B /* LaunchScreen.storyboard */ = {
			isa = PBXVariantGroup;
			children = (
				99DD40671F97749B00BF595B /* Base */,
			);
			name = LaunchScreen.storyboard;
			sourceTree = "<group>";
		};
/* End PBXVariantGroup section */

/* Begin XCBuildConfiguration section */
		99DD40821F97749B00BF595B /* Debug */ = {
			isa = XCBuildConfiguration;
			buildSettings = {
				ALWAYS_SEARCH_USER_PATHS = NO;
				CLANG_ANALYZER_NONNULL = YES;
				CLANG_ANALYZER_NUMBER_OBJECT_CONVERSION = YES_AGGRESSIVE;
				CLANG_CXX_LANGUAGE_STANDARD = "gnu++14";
				CLANG_CXX_LIBRARY = "libc++";
				CLANG_ENABLE_MODULES = YES;
				CLANG_ENABLE_OBJC_ARC = YES;
				CLANG_WARN_BLOCK_CAPTURE_AUTORELEASING = YES;
				CLANG_WARN_BOOL_CONVERSION = YES;
				CLANG_WARN_COMMA = YES;
				CLANG_WARN_CONSTANT_CONVERSION = YES;
				CLANG_WARN_DIRECT_OBJC_ISA_USAGE = YES_ERROR;
				CLANG_WARN_DOCUMENTATION_COMMENTS = YES;
				CLANG_WARN_EMPTY_BODY = YES;
				CLANG_WARN_ENUM_CONVERSION = YES;
				CLANG_WARN_INFINITE_RECURSION = YES;
				CLANG_WARN_INT_CONVERSION = YES;
				CLANG_WARN_NON_LITERAL_NULL_CONVERSION = YES;
				CLANG_WARN_OBJC_LITERAL_CONVERSION = YES;
				CLANG_WARN_OBJC_ROOT_CLASS = YES_ERROR;
				CLANG_WARN_RANGE_LOOP_ANALYSIS = YES;
				CLANG_WARN_STRICT_PROTOTYPES = YES;
				CLANG_WARN_SUSPICIOUS_MOVE = YES;
				CLANG_WARN_UNGUARDED_AVAILABILITY = YES_AGGRESSIVE;
				CLANG_WARN_UNREACHABLE_CODE = YES;
				CLANG_WARN__DUPLICATE_METHOD_MATCH = YES;
				CODE_SIGN_IDENTITY = "iPhone Developer";
				COPY_PHASE_STRIP = NO;
				DEBUG_INFORMATION_FORMAT = dwarf;
				ENABLE_STRICT_OBJC_MSGSEND = YES;
				ENABLE_TESTABILITY = YES;
				GCC_C_LANGUAGE_STANDARD = gnu11;
				GCC_DYNAMIC_NO_PIC = NO;
				GCC_NO_COMMON_BLOCKS = YES;
				GCC_OPTIMIZATION_LEVEL = 0;
				GCC_PREPROCESSOR_DEFINITIONS = (
					"DEBUG=1",
					"$(inherited)",
				);
				GCC_WARN_64_TO_32_BIT_CONVERSION = YES;
				GCC_WARN_ABOUT_RETURN_TYPE = YES_ERROR;
				GCC_WARN_UNDECLARED_SELECTOR = YES;
				GCC_WARN_UNINITIALIZED_AUTOS = YES_AGGRESSIVE;
				GCC_WARN_UNUSED_FUNCTION = YES;
				GCC_WARN_UNUSED_VARIABLE = YES;
				IPHONEOS_DEPLOYMENT_TARGET = 11.0;
				MTL_ENABLE_DEBUG_INFO = YES;
				ONLY_ACTIVE_ARCH = YES;
				SDKROOT = iphoneos;
			};
			name = Debug;
		};
		99DD40831F97749B00BF595B /* Release */ = {
			isa = XCBuildConfiguration;
			buildSettings = {
				ALWAYS_SEARCH_USER_PATHS = NO;
				CLANG_ANALYZER_NONNULL = YES;
				CLANG_ANALYZER_NUMBER_OBJECT_CONVERSION = YES_AGGRESSIVE;
				CLANG_CXX_LANGUAGE_STANDARD = "gnu++14";
				CLANG_CXX_LIBRARY = "libc++";
				CLANG_ENABLE_MODULES = YES;
				CLANG_ENABLE_OBJC_ARC = YES;
				CLANG_WARN_BLOCK_CAPTURE_AUTORELEASING = YES;
				CLANG_WARN_BOOL_CONVERSION = YES;
				CLANG_WARN_COMMA = YES;
				CLANG_WARN_CONSTANT_CONVERSION = YES;
				CLANG_WARN_DIRECT_OBJC_ISA_USAGE = YES_ERROR;
				CLANG_WARN_DOCUMENTATION_COMMENTS = YES;
				CLANG_WARN_EMPTY_BODY = YES;
				CLANG_WARN_ENUM_CONVERSION = YES;
				CLANG_WARN_INFINITE_RECURSION = YES;
				CLANG_WARN_INT_CONVERSION = YES;
				CLANG_WARN_NON_LITERAL_NULL_CONVERSION = YES;
				CLANG_WARN_OBJC_LITERAL_CONVERSION = YES;
				CLANG_WARN_OBJC_ROOT_CLASS = YES_ERROR;
				CLANG_WARN_RANGE_LOOP_ANALYSIS = YES;
				CLANG_WARN_STRICT_PROTOTYPES = YES;
				CLANG_WARN_SUSPICIOUS_MOVE = YES;
				CLANG_WARN_UNGUARDED_AVAILABILITY = YES_AGGRESSIVE;
				CLANG_WARN_UNREACHABLE_CODE = YES;
				CLANG_WARN__DUPLICATE_METHOD_MATCH = YES;
				CODE_SIGN_IDENTITY = "iPhone Developer";
				COPY_PHASE_STRIP = NO;
				DEBUG_INFORMATION_FORMAT = "dwarf-with-dsym";
				ENABLE_NS_ASSERTIONS = NO;
				ENABLE_STRICT_OBJC_MSGSEND = YES;
				GCC_C_LANGUAGE_STANDARD = gnu11;
				GCC_NO_COMMON_BLOCKS = YES;
				GCC_WARN_64_TO_32_BIT_CONVERSION = YES;
				GCC_WARN_ABOUT_RETURN_TYPE = YES_ERROR;
				GCC_WARN_UNDECLARED_SELECTOR = YES;
				GCC_WARN_UNINITIALIZED_AUTOS = YES_AGGRESSIVE;
				GCC_WARN_UNUSED_FUNCTION = YES;
				GCC_WARN_UNUSED_VARIABLE = YES;
				IPHONEOS_DEPLOYMENT_TARGET = 11.0;
				MTL_ENABLE_DEBUG_INFO = NO;
				SDKROOT = iphoneos;
				VALIDATE_PRODUCT = YES;
			};
			name = Release;
		};
		99DD40851F97749B00BF595B /* Debug */ = {
			isa = XCBuildConfiguration;
			baseConfigurationReference = 8904D52B2CF04E093C74EA08 /* Pods-Swallow.debug.xcconfig */;
			buildSettings = {
				ASSETCATALOG_COMPILER_APPICON_NAME = AppIcon;
				CODE_SIGN_STYLE = Automatic;
				DEVELOPMENT_TEAM = 7FC6DE667X;
				GCC_PREFIX_HEADER = "${PROJECT_DIR}/Swallow/Swallow-Prefix.pch";
				INFOPLIST_FILE = Swallow/Info.plist;
				LD_RUNPATH_SEARCH_PATHS = "$(inherited) @executable_path/Frameworks";
				PRODUCT_BUNDLE_IDENTIFIER = com.lawn.ARHouse;
				PRODUCT_NAME = "$(TARGET_NAME)";
				TARGETED_DEVICE_FAMILY = "1,2";
			};
			name = Debug;
		};
		99DD40861F97749B00BF595B /* Release */ = {
			isa = XCBuildConfiguration;
			baseConfigurationReference = 85361ACCDBAF7D5F453B0864 /* Pods-Swallow.release.xcconfig */;
			buildSettings = {
				ASSETCATALOG_COMPILER_APPICON_NAME = AppIcon;
				CODE_SIGN_STYLE = Automatic;
				DEVELOPMENT_TEAM = 7FC6DE667X;
				GCC_PREFIX_HEADER = "${PROJECT_DIR}/Swallow/Swallow-Prefix.pch";
				INFOPLIST_FILE = Swallow/Info.plist;
				LD_RUNPATH_SEARCH_PATHS = "$(inherited) @executable_path/Frameworks";
				PRODUCT_BUNDLE_IDENTIFIER = com.lawn.ARHouse;
				PRODUCT_NAME = "$(TARGET_NAME)";
				TARGETED_DEVICE_FAMILY = "1,2";
			};
			name = Release;
		};
		99DD40881F97749B00BF595B /* Debug */ = {
			isa = XCBuildConfiguration;
			baseConfigurationReference = 556EA3ED8C5087F2D46EDC4E /* Pods-SwallowTests.debug.xcconfig */;
			buildSettings = {
				BUNDLE_LOADER = "$(TEST_HOST)";
				CODE_SIGN_STYLE = Automatic;
				INFOPLIST_FILE = SwallowTests/Info.plist;
				LD_RUNPATH_SEARCH_PATHS = "$(inherited) @executable_path/Frameworks @loader_path/Frameworks";
				PRODUCT_BUNDLE_IDENTIFIER = com.lawn.SwallowTests;
				PRODUCT_NAME = "$(TARGET_NAME)";
				TARGETED_DEVICE_FAMILY = "1,2";
				TEST_HOST = "$(BUILT_PRODUCTS_DIR)/Swallow.app/Swallow";
			};
			name = Debug;
		};
		99DD40891F97749B00BF595B /* Release */ = {
			isa = XCBuildConfiguration;
			baseConfigurationReference = 5705F0B65E9C58DE473C9BD0 /* Pods-SwallowTests.release.xcconfig */;
			buildSettings = {
				BUNDLE_LOADER = "$(TEST_HOST)";
				CODE_SIGN_STYLE = Automatic;
				INFOPLIST_FILE = SwallowTests/Info.plist;
				LD_RUNPATH_SEARCH_PATHS = "$(inherited) @executable_path/Frameworks @loader_path/Frameworks";
				PRODUCT_BUNDLE_IDENTIFIER = com.lawn.SwallowTests;
				PRODUCT_NAME = "$(TARGET_NAME)";
				TARGETED_DEVICE_FAMILY = "1,2";
				TEST_HOST = "$(BUILT_PRODUCTS_DIR)/Swallow.app/Swallow";
			};
			name = Release;
		};
		99DD408B1F97749B00BF595B /* Debug */ = {
			isa = XCBuildConfiguration;
			baseConfigurationReference = A43D1CB14DA6BDF598664ED0 /* Pods-SwallowUITests.debug.xcconfig */;
			buildSettings = {
				CODE_SIGN_STYLE = Automatic;
				INFOPLIST_FILE = SwallowUITests/Info.plist;
				LD_RUNPATH_SEARCH_PATHS = "$(inherited) @executable_path/Frameworks @loader_path/Frameworks";
				PRODUCT_BUNDLE_IDENTIFIER = com.lawn.SwallowUITests;
				PRODUCT_NAME = "$(TARGET_NAME)";
				TARGETED_DEVICE_FAMILY = "1,2";
				TEST_TARGET_NAME = Swallow;
			};
			name = Debug;
		};
		99DD408C1F97749B00BF595B /* Release */ = {
			isa = XCBuildConfiguration;
			baseConfigurationReference = 38EAA3A2042D39A3B05D3217 /* Pods-SwallowUITests.release.xcconfig */;
			buildSettings = {
				CODE_SIGN_STYLE = Automatic;
				INFOPLIST_FILE = SwallowUITests/Info.plist;
				LD_RUNPATH_SEARCH_PATHS = "$(inherited) @executable_path/Frameworks @loader_path/Frameworks";
				PRODUCT_BUNDLE_IDENTIFIER = com.lawn.SwallowUITests;
				PRODUCT_NAME = "$(TARGET_NAME)";
				TARGETED_DEVICE_FAMILY = "1,2";
				TEST_TARGET_NAME = Swallow;
			};
			name = Release;
		};
/* End XCBuildConfiguration section */

/* Begin XCConfigurationList section */
		99DD40531F97749B00BF595B /* Build configuration list for PBXProject "Swallow" */ = {
			isa = XCConfigurationList;
			buildConfigurations = (
				99DD40821F97749B00BF595B /* Debug */,
				99DD40831F97749B00BF595B /* Release */,
			);
			defaultConfigurationIsVisible = 0;
			defaultConfigurationName = Release;
		};
		99DD40841F97749B00BF595B /* Build configuration list for PBXNativeTarget "Swallow" */ = {
			isa = XCConfigurationList;
			buildConfigurations = (
				99DD40851F97749B00BF595B /* Debug */,
				99DD40861F97749B00BF595B /* Release */,
			);
			defaultConfigurationIsVisible = 0;
			defaultConfigurationName = Release;
		};
		99DD40871F97749B00BF595B /* Build configuration list for PBXNativeTarget "SwallowTests" */ = {
			isa = XCConfigurationList;
			buildConfigurations = (
				99DD40881F97749B00BF595B /* Debug */,
				99DD40891F97749B00BF595B /* Release */,
			);
			defaultConfigurationIsVisible = 0;
			defaultConfigurationName = Release;
		};
		99DD408A1F97749B00BF595B /* Build configuration list for PBXNativeTarget "SwallowUITests" */ = {
			isa = XCConfigurationList;
			buildConfigurations = (
				99DD408B1F97749B00BF595B /* Debug */,
				99DD408C1F97749B00BF595B /* Release */,
			);
			defaultConfigurationIsVisible = 0;
			defaultConfigurationName = Release;
		};
/* End XCConfigurationList section */
	};
	rootObject = 99DD40501F97749B00BF595B /* Project object */;
}
